
Microsoft Visual Studio Solution File, Format Version 12.00
# Visual Studio Version 16
VisualStudioVersion = 16.0.30711.63
MinimumVisualStudioVersion = 10.0.40219.1
Project("{FAE04EC0-301F-11D3-BF4B-00C04F79EFBC}") = "Royale", "Royale\Royale.csproj", "{678B90E1-ABA6-42D3-A084-94A07C6F1476}"
EndProject
Global
	GlobalSection(SolutionConfigurationPlatforms) = preSolution
		Debug|Any CPU = Debug|Any CPU
		Release|Any CPU = Release|Any CPU
	EndGlobalSection
	GlobalSection(ProjectConfigurationPlatforms) = postSolution
		{678B90E1-ABA6-42D3-A084-94A07C6F1476}.Debug|Any CPU.ActiveCfg = Debug|Any CPU
		{678B90E1-ABA6-42D3-A084-94A07C6F1476}.Debug|Any CPU.Build.0 = Debug|Any CPU
		{678B90E1-ABA6-42D3-A084-94A07C6F1476}.Release|Any CPU.ActiveCfg = Release|Any CPU
		{678B90E1-ABA6-42D3-A084-94A07C6F1476}.Release|Any CPU.Build.0 = Release|Any CPU
	EndGlobalSection
	GlobalSection(SolutionProperties) = preSolution
		HideSolutionNode = FALSE
	EndGlobalSection
	GlobalSection(ExtensibilityGlobals) = postSolution
		SolutionGuid = {D9E6253D-E0B3-49C2-ABE3-364B07930B38}
	EndGlobalSection
EndGlobal
